<?xml version="1.0" encoding="utf-8"?>
<Project ToolsVersion="4.0" xmlns="http://schemas.microsoft.com/developer/msbuild/2003">
  <ItemGroup>
    <Filter Include="Source Files">
      <UniqueIdentifier>{4FC737F1-C7A5-4376-A066-2A32D752A2FF}</UniqueIdentifier>
      <Extensions>cpp;c;cc;cxx;def;odl;idl;hpj;bat;asm;asmx</Extensions>
    </Filter>
    <Filter Include="Resource Files">
      <UniqueIdentifier>{67DA6AB6-F800-4c08-8B7A-83BB121AAD01}</UniqueIdentifier>
      <Extensions>rc;ico;cur;bmp;dlg;rc2;rct;bin;rgs;gif;jpg;jpeg;jpe;resx;tiff;tif;png;wav;mfcribbon-ms</Extensions>
    </Filter>
    <Filter Include="Header Files">
      <UniqueIdentifier>{93995380-89BD-4b04-88EB-625FBE52EBFB}</UniqueIdentifier>
      <Extensions>h;hpp;hxx;hm;inl;inc;xsd</Extensions>
    </Filter>
    <Filter Include="Header Files\json">
      <UniqueIdentifier>{68902a6e-a37a-4f6f-8728-d7f0bb57e596}</UniqueIdentifier>
    </Filter>
    <Filter Include="Header Files\plantsim">
      <UniqueIdentifier>{78365473-6ee5-4a4d-9a8c-76fca00aec84}</UniqueIdentifier>
    </Filter>
    <Filter Include="Source Files\plantsim">
      <UniqueIdentifier>{a3af5192-e1f8-4659-8d52-0c3b39b9e674}</UniqueIdentifier>
    </Filter>
    <Filter Include="Header Files\Allegro">
      <UniqueIdentifier>{f8d6d27f-5bcc-41f0-828d-8cdb92448c65}</UniqueIdentifier>
    </Filter>
    <Filter Include="Source Files\Allegro">
      <UniqueIdentifier>{ac285583-38f8-4706-a4e6-cc7f0f3f4e73}</UniqueIdentifier>
    </Filter>
  </ItemGroup>
  <ItemGroup>
    <ClCompile Include="vector3.cpp">
      <Filter>Source Files</Filter>
    </ClCompile>
    <ClCompile Include="testingSuite.cpp">
      <Filter>Source Files</Filter>
    </ClCompile>
    <ClCompile Include="Weather.cpp">
      <Filter>Source Files\plantsim</Filter>
    </ClCompile>
    <ClCompile Include="curves.cpp">
      <Filter>Source Files\plantsim</Filter>
    </ClCompile>
    <ClCompile Include="jsoncpp.cpp">
      <Filter>Source Files\plantsim</Filter>
    </ClCompile>
    <ClCompile Include="Months.cpp">
      <Filter>Source Files\plantsim</Filter>
    </ClCompile>
    <ClCompile Include="parser_rain.cpp">
      <Filter>Source Files\plantsim</Filter>
    </ClCompile>
    <ClCompile Include="plant.cpp">
      <Filter>Source Files\plantsim</Filter>
    </ClCompile>
    <ClCompile Include="plantDictionary.cpp">
      <Filter>Source Files\plantsim</Filter>
    </ClCompile>
    <ClCompile Include="plantproperties.cpp">
      <Filter>Source Files\plantsim</Filter>
    </ClCompile>
    <ClCompile Include="seed.cpp">
      <Filter>Source Files\plantsim</Filter>
    </ClCompile>
    <ClCompile Include="soil.cpp">
      <Filter>Source Files\plantsim</Filter>
    </ClCompile>
    <ClCompile Include="soilGrid.cpp">
      <Filter>Source Files\plantsim</Filter>
    </ClCompile>
    <ClCompile Include="soilModel.cpp">
      <Filter>Source Files\plantsim</Filter>
    </ClCompile>
    <ClCompile Include="item.cpp">
      <Filter>Source Files</Filter>
    </ClCompile>
    <ClCompile Include="utility.cpp">
      <Filter>Source Files</Filter>
    </ClCompile>
    <ClCompile Include="Engine_tcod.cpp">
      <Filter>Source Files</Filter>
    </ClCompile>
    <ClCompile Include="TCODEngine.cpp">
      <Filter>Source Files</Filter>
    </ClCompile>
    <ClCompile Include="TCODTools.cpp">
      <Filter>Source Files</Filter>
    </ClCompile>
    <ClCompile Include="Engine_allegro.cpp">
      <Filter>Source Files\Allegro</Filter>
    </ClCompile>
    <ClCompile Include="color.cpp">
      <Filter>Source Files\Allegro</Filter>
    </ClCompile>
    <ClCompile Include="AllegroEngine.cpp">
      <Filter>Source Files\Allegro</Filter>
    </ClCompile>
    <ClCompile Include="main.cpp">
      <Filter>Source Files</Filter>
    </ClCompile>
    <ClCompile Include="MapScreen.cpp">
      <Filter>Source Files</Filter>
    </ClCompile>
    <ClCompile Include="SideBar.cpp">
      <Filter>Source Files</Filter>
    </ClCompile>
    <ClCompile Include="mendel.cpp">
      <Filter>Source Files</Filter>
    </ClCompile>
    <ClCompile Include="utility_visual.cpp">
      <Filter>Source Files</Filter>
    </ClCompile>
    <ClCompile Include="state_stepSim.cpp">
      <Filter>Source Files</Filter>
    </ClCompile>
    <ClCompile Include="state_getText.cpp">
      <Filter>Source Files</Filter>
    </ClCompile>
  </ItemGroup>
  <ItemGroup>
    <ClInclude Include="enums.h">
      <Filter>Header Files</Filter>
    </ClInclude>
    <ClInclude Include="vector3.h">
      <Filter>Header Files</Filter>
    </ClInclude>
    <ClInclude Include="json\json.h">
      <Filter>Header Files\json</Filter>
    </ClInclude>
    <ClInclude Include="json\json-forwards.h">
      <Filter>Header Files\json</Filter>
    </ClInclude>
    <ClInclude Include="curves.h">
      <Filter>Header Files\plantsim</Filter>
    </ClInclude>
    <ClInclude Include="Months.h">
      <Filter>Header Files\plantsim</Filter>
    </ClInclude>
    <ClInclude Include="parser_rain.h">
      <Filter>Header Files\plantsim</Filter>
    </ClInclude>
    <ClInclude Include="plant.h">
      <Filter>Header Files\plantsim</Filter>
    </ClInclude>
    <ClInclude Include="plantCell.h">
      <Filter>Header Files\plantsim</Filter>
    </ClInclude>
    <ClInclude Include="plantDictionary.h">
      <Filter>Header Files\plantsim</Filter>
    </ClInclude>
    <ClInclude Include="plantproperties.h">
      <Filter>Header Files\plantsim</Filter>
    </ClInclude>
    <ClInclude Include="rain_stats_holder.h">
      <Filter>Header Files\plantsim</Filter>
    </ClInclude>
    <ClInclude Include="seed.h">
      <Filter>Header Files\plantsim</Filter>
    </ClInclude>
    <ClInclude Include="soil.h">
      <Filter>Header Files\plantsim</Filter>
    </ClInclude>
    <ClInclude Include="soilGrid.h">
      <Filter>Header Files\plantsim</Filter>
    </ClInclude>
    <ClInclude Include="soilModel.h">
      <Filter>Header Files\plantsim</Filter>
    </ClInclude>
    <ClInclude Include="testingSuite.h">
      <Filter>Header Files\plantsim</Filter>
    </ClInclude>
    <ClInclude Include="Weather.h">
      <Filter>Header Files\plantsim</Filter>
    </ClInclude>
    <ClInclude Include="item.h">
      <Filter>Header Files</Filter>
    </ClInclude>
    <ClInclude Include="config.h">
      <Filter>Header Files\plantsim</Filter>
    </ClInclude>
    <ClInclude Include="utility.h">
      <Filter>Header Files</Filter>
    </ClInclude>
    <ClInclude Include="Engine_tcod.h">
      <Filter>Header Files</Filter>
    </ClInclude>
    <ClInclude Include="GameState.h">
      <Filter>Header Files</Filter>
    </ClInclude>
    <ClInclude Include="TCODEngine.h">
      <Filter>Header Files</Filter>
    </ClInclude>
    <ClInclude Include="TCODTools.h">
      <Filter>Header Files</Filter>
    </ClInclude>
    <ClInclude Include="dirent.h">
      <Filter>Header Files</Filter>
    </ClInclude>
    <ClInclude Include="colors.h">
      <Filter>Header Files\Allegro</Filter>
    </ClInclude>
    <ClInclude Include="AllegroEngine.h">
      <Filter>Header Files\Allegro</Filter>
    </ClInclude>
    <ClInclude Include="Engine_allegro.h">
      <Filter>Header Files\Allegro</Filter>
    </ClInclude>
    <ClInclude Include="MapScreen.h">
      <Filter>Header Files</Filter>
    </ClInclude>
    <ClInclude Include="SideBar.h">
      <Filter>Header Files</Filter>
    </ClInclude>
    <ClInclude Include="mendel.h">
      <Filter>Header Files</Filter>
    </ClInclude>
    <ClInclude Include="utility_visual.h">
      <Filter>Header Files</Filter>
    </ClInclude>
    <ClInclude Include="state_stepSim.h">
      <Filter>Header Files</Filter>
    </ClInclude>
    <ClInclude Include="state_getText.h">
      <Filter>Header Files</Filter>
    </ClInclude>
  </ItemGroup>
  <ItemGroup>
    <None Include="..\Flood routing with graphical rendering\malgun.ttf">
      <Filter>Resource Files</Filter>
    </None>
  </ItemGroup>
</Project>